
Microsoft Visual Studio Solution File, Format Version 12.00
# Visual Studio Version 16
VisualStudioVersion = 16.0.30711.63
MinimumVisualStudioVersion = 10.0.40219.1
Project("{FAE04EC0-301F-11D3-BF4B-00C04F79EFBC}") = "ParkMellatAPI", "ParkMellatAPI\ParkMellatAPI.csproj", "{0C9F18F1-9224-4D88-854B-0682D2FD2AFD}"
EndProject
Global
	GlobalSection(SolutionConfigurationPlatforms) = preSolution
		Debug|Any CPU = Debug|Any CPU
		Release|Any CPU = Release|Any CPU
	EndGlobalSection
	GlobalSection(ProjectConfigurationPlatforms) = postSolution
		{0C9F18F1-9224-4D88-854B-0682D2FD2AFD}.Debug|Any CPU.ActiveCfg = Debug|Any CPU
		{0C9F18F1-9224-4D88-854B-0682D2FD2AFD}.Debug|Any CPU.Build.0 = Debug|Any CPU
		{0C9F18F1-9224-4D88-854B-0682D2FD2AFD}.Release|Any CPU.ActiveCfg = Release|Any CPU
		{0C9F18F1-9224-4D88-854B-0682D2FD2AFD}.Release|Any CPU.Build.0 = Release|Any CPU
	EndGlobalSection
	GlobalSection(SolutionProperties) = preSolution
		HideSolutionNode = FALSE
	EndGlobalSection
	GlobalSection(ExtensibilityGlobals) = postSolution
		SolutionGuid = {0C5A881D-CECE-4EE6-9E79-9A3478DCFF0E}
	EndGlobalSection
EndGlobal
